// !$*UTF8*$!
{
	archiveVersion = 1;
	classes = {
	};
	objectVersion = 46;
	objects = {

/* Begin PBXBuildFile section */
		D1BC95AE1EC27DBE00ADA554 /* AppDelegate.swift in Sources */ = {isa = PBXBuildFile; fileRef = D1BC95AD1EC27DBE00ADA554 /* AppDelegate.swift */; };
		D1BC95B01EC27DBE00ADA554 /* ViewController.swift in Sources */ = {isa = PBXBuildFile; fileRef = D1BC95AF1EC27DBE00ADA554 /* ViewController.swift */; };
		D1BC95B31EC27DBE00ADA554 /* Main.storyboard in Resources */ = {isa = PBXBuildFile; fileRef = D1BC95B11EC27DBE00ADA554 /* Main.storyboard */; };
		D1BC95B51EC27DBE00ADA554 /* Assets.xcassets in Resources */ = {isa = PBXBuildFile; fileRef = D1BC95B41EC27DBE00ADA554 /* Assets.xcassets */; };
		D1BC95B81EC27DBE00ADA554 /* LaunchScreen.storyboard in Resources */ = {isa = PBXBuildFile; fileRef = D1BC95B61EC27DBE00ADA554 /* LaunchScreen.storyboard */; };
/* End PBXBuildFile section */

/* Begin PBXFileReference section */
		D1BC95AA1EC27DBE00ADA554 /* smiley.app */ = {isa = PBXFileReference; explicitFileType = wrapper.application; includeInIndex = 0; path = smiley.app; sourceTree = BUILT_PRODUCTS_DIR; };
		D1BC95AD1EC27DBE00ADA554 /* AppDelegate.swift */ = {isa = PBXFileReference; lastKnownFileType = sourcecode.swift; path = AppDelegate.swift; sourceTree = "<group>"; };
		D1BC95AF1EC27DBE00ADA554 /* ViewController.swift */ = {isa = PBXFileReference; lastKnownFileType = sourcecode.swift; path = ViewController.swift; sourceTree = "<group>"; };
		D1BC95B21EC27DBE00ADA554 /* Base */ = {isa = PBXFileReference; lastKnownFileType = file.storyboard; name = Base; path = Base.lproj/Main.storyboard; sourceTree = "<group>"; };
		D1BC95B41EC27DBE00ADA554 /* Assets.xcassets */ = {isa = PBXFileReference; lastKnownFileType = folder.assetcatalog; path = Assets.xcassets; sourceTree = "<group>"; };
		D1BC95B71EC27DBE00ADA554 /* Base */ = {isa = PBXFileReference; lastKnownFileType = file.storyboard; name = Base; path = Base.lproj/LaunchScreen.storyboard; sourceTree = "<group>"; };
		D1BC95B91EC27DBE00ADA554 /* Info.plist */ = {isa = PBXFileReference; lastKnownFileType = text.plist.xml; path = Info.plist; sourceTree = "<group>"; };
/* End PBXFileReference section */

/* Begin PBXFrameworksBuildPhase section */
		D1BC95A71EC27DBE00ADA554 /* Frameworks */ = {
			isa = PBXFrameworksBuildPhase;
			buildActionMask = 2147483647;
			files = (
			);
			runOnlyForDeploymentPostprocessing = 0;
		};
/* End PBXFrameworksBuildPhase section */

/* Begin PBXGroup section */
		D1BC95A11EC27DBE00ADA554 = {
			isa = PBXGroup;
			children = (
				D1BC95AC1EC27DBE00ADA554 /* smiley */,
				D1BC95AB1EC27DBE00ADA554 /* Products */,
			);
			sourceTree = "<group>";
		};
		D1BC95AB1EC27DBE00ADA554 /* Products */ = {
			isa = PBXGroup;
			children = (
				D1BC95AA1EC27DBE00ADA554 /* smiley.app */,
			);
			name = Products;
			sourceTree = "<group>";
		};
		D1BC95AC1EC27DBE00ADA554 /* smiley */ = {
			isa = PBXGroup;
			children = (
				D1BC95AD1EC27DBE00ADA554 /* AppDelegate.swift */,
				D1BC95AF1EC27DBE00ADA554 /* ViewController.swift */,
				D1BC95B11EC27DBE00ADA554 /* Main.storyboard */,
				D1BC95B41EC27DBE00ADA554 /* Assets.xcassets */,
				D1BC95B61EC27DBE00ADA554 /* LaunchScreen.storyboard */,
				D1BC95B91EC27DBE00ADA554 /* Info.plist */,
			);
			path = smiley;
			sourceTree = "<group>";
		};
/* End PBXGroup section */

/* Begin PBXNativeTarget section */
		D1BC95A91EC27DBE00ADA554 /* smiley */ = {
			isa = PBXNativeTarget;
			buildConfigurationList = D1BC95BC1EC27DBE00ADA554 /* Build configuration list for PBXNativeTarget "smiley" */;
			buildPhases = (
				D1BC95A61EC27DBE00ADA554 /* Sources */,
				D1BC95A71EC27DBE00ADA554 /* Frameworks */,
				D1BC95A81EC27DBE00ADA554 /* Resources */,
			);
			buildRules = (
			);
			dependencies = (
			);
			name = smiley;
			productName = smiley;
			productReference = D1BC95AA1EC27DBE00ADA554 /* smiley.app */;
			productType = "com.apple.product-type.application";
		};
/* End PBXNativeTarget section */

/* Begin PBXProject section */
		D1BC95A21EC27DBE00ADA554 /* Project object */ = {
			isa = PBXProject;
			attributes = {
				LastSwiftUpdateCheck = 0830;
				LastUpgradeCheck = 0830;
				ORGANIZATIONNAME = "Pooja Chowdhary";
				TargetAttributes = {
					D1BC95A91EC27DBE00ADA554 = {
						CreatedOnToolsVersion = 8.3.2;
						ProvisioningStyle = Automatic;
					};
				};
			};
			buildConfigurationList = D1BC95A51EC27DBE00ADA554 /* Build configuration list for PBXProject "smiley" */;
			compatibilityVersion = "Xcode 3.2";
			developmentRegion = English;
			hasScannedForEncodings = 0;
			knownRegions = (
				en,
				Base,
			);
			mainGroup = D1BC95A11EC27DBE00ADA554;
			productRefGroup = D1BC95AB1EC27DBE00ADA554 /* Products */;
			projectDirPath = "";
			projectRoot = "";
			targets = (
				D1BC95A91EC27DBE00ADA554 /* smiley */,
			);
		};
/* End PBXProject section */

/* Begin PBXResourcesBuildPhase section */
		D1BC95A81EC27DBE00ADA554 /* Resources */ = {
			isa = PBXResourcesBuildPhase;
			buildActionMask = 2147483647;
			files = (
				D1BC95B81EC27DBE00ADA554 /* LaunchScreen.storyboard in Resources */,
				D1BC95B51EC27DBE00ADA554 /* Assets.xcassets in Resources */,
				D1BC95B31EC27DBE00ADA554 /* Main.storyboard in Resources */,
			);
			runOnlyForDeploymentPostprocessing = 0;
		};
/* End PBXResourcesBuildPhase section */

/* Begin PBXSourcesBuildPhase section */
		D1BC95A61EC27DBE00ADA554 /* Sources */ = {
			isa = PBXSourcesBuildPhase;
			buildActionMask = 2147483647;
			files = (
				D1BC95B01EC27DBE00ADA554 /* ViewController.swift in Sources */,
				D1BC95AE1EC27DBE00ADA554 /* AppDelegate.swift in Sources */,
			);
			runOnlyForDeploymentPostprocessing = 0;
		};
/* End PBXSourcesBuildPhase section */

/* Begin PBXVariantGroup section */
		D1BC95B11EC27DBE00ADA554 /* Main.storyboard */ = {
			isa = PBXVariantGroup;
			children = (
				D1BC95B21EC27DBE00ADA554 /* Base */,
			);
			name = Main.storyboard;
			sourceTree = "<group>";
		};
		D1BC95B61EC27DBE00ADA554 /* LaunchScreen.storyboard */ = {
			isa = PBXVariantGroup;
			children = (
				D1BC95B71EC27DBE00ADA554 /* Base */,
			);
			name = LaunchScreen.storyboard;
			sourceTree = "<group>";
		};
/* End PBXVariantGroup section */

/* Begin XCBuildConfiguration section */
		D1BC95BA1EC27DBE00ADA554 /* Debug */ = {
			isa = XCBuildConfiguration;
			buildSettings = {
				ALWAYS_SEARCH_USER_PATHS = NO;
				CLANG_ANALYZER_NONNULL = YES;
				CLANG_ANALYZER_NUMBER_OBJECT_CONVERSION = YES_AGGRESSIVE;
				CLANG_CXX_LANGUAGE_STANDARD = "gnu++0x";
				CLANG_CXX_LIBRARY = "libc++";
				CLANG_ENABLE_MODULES = YES;
				CLANG_ENABLE_OBJC_ARC = YES;
				CLANG_WARN_BOOL_CONVERSION = YES;
				CLANG_WARN_CONSTANT_CONVERSION = YES;
				CLANG_WARN_DIRECT_OBJC_ISA_USAGE = YES_ERROR;
				CLANG_WARN_DOCUMENTATION_COMMENTS = YES;
				CLANG_WARN_EMPTY_BODY = YES;
				CLANG_WARN_ENUM_CONVERSION = YES;
				CLANG_WARN_INFINITE_RECURSION = YES;
				CLANG_WARN_INT_CONVERSION = YES;
				CLANG_WARN_OBJC_ROOT_CLASS = YES_ERROR;
				CLANG_WARN_SUSPICIOUS_MOVE = YES;
				CLANG_WARN_UNREACHABLE_CODE = YES;
				CLANG_WARN__DUPLICATE_METHOD_MATCH = YES;
				"CODE_SIGN_IDENTITY[sdk=iphoneos*]" = "iPhone Developer";
				COPY_PHASE_STRIP = NO;
				DEBUG_INFORMATION_FORMAT = dwarf;
				ENABLE_STRICT_OBJC_MSGSEND = YES;
				ENABLE_TESTABILITY = YES;
				GCC_C_LANGUAGE_STANDARD = gnu99;
				GCC_DYNAMIC_NO_PIC = NO;
				GCC_NO_COMMON_BLOCKS = YES;
				GCC_OPTIMIZATION_LEVEL = 0;
				GCC_PREPROCESSOR_DEFINITIONS = (
					"DEBUG=1",
					"$(inherited)",
				);
				GCC_WARN_64_TO_32_BIT_CONVERSION = YES;
				GCC_WARN_ABOUT_RETURN_TYPE = YES_ERROR;
				GCC_WARN_UNDECLARED_SELECTOR = YES;
				GCC_WARN_UNINITIALIZED_AUTOS = YES_AGGRESSIVE;
				GCC_WARN_UNUSED_FUNCTION = YES;
				GCC_WARN_UNUSED_VARIABLE = YES;
				IPHONEOS_DEPLOYMENT_TARGET = 10.3;
				MTL_ENABLE_DEBUG_INFO = YES;
				ONLY_ACTIVE_ARCH = YES;
				SDKROOT = iphoneos;
				SWIFT_ACTIVE_COMPILATION_CONDITIONS = DEBUG;
				SWIFT_OPTIMIZATION_LEVEL = "-Onone";
			};
			name = Debug;
		};
		D1BC95BB1EC27DBE00ADA554 /* Release */ = {
			isa = XCBuildConfiguration;
			buildSettings = {
				ALWAYS_SEARCH_USER_PATHS = NO;
				CLANG_ANALYZER_NONNULL = YES;
				CLANG_ANALYZER_NUMBER_OBJECT_CONVERSION = YES_AGGRESSIVE;
				CLANG_CXX_LANGUAGE_STANDARD = "gnu++0x";
				CLANG_CXX_LIBRARY = "libc++";
				CLANG_ENABLE_MODULES = YES;
				CLANG_ENABLE_OBJC_ARC = YES;
				CLANG_WARN_BOOL_CONVERSION = YES;
				CLANG_WARN_CONSTANT_CONVERSION = YES;
				CLANG_WARN_DIRECT_OBJC_ISA_USAGE = YES_ERROR;
				CLANG_WARN_DOCUMENTATION_COMMENTS = YES;
				CLANG_WARN_EMPTY_BODY = YES;
				CLANG_WARN_ENUM_CONVERSION = YES;
				CLANG_WARN_INFINITE_RECURSION = YES;
				CLANG_WARN_INT_CONVERSION = YES;
				CLANG_WARN_OBJC_ROOT_CLASS = YES_ERROR;
				CLANG_WARN_SUSPICIOUS_MOVE = YES;
				CLANG_WARN_UNREACHABLE_CODE = YES;
				CLANG_WARN__DUPLICATE_METHOD_MATCH = YES;
				"CODE_SIGN_IDENTITY[sdk=iphoneos*]" = "iPhone Developer";
				COPY_PHASE_STRIP = NO;
				DEBUG_INFORMATION_FORMAT = "dwarf-with-dsym";
				ENABLE_NS_ASSERTIONS = NO;
				ENABLE_STRICT_OBJC_MSGSEND = YES;
				GCC_C_LANGUAGE_STANDARD = gnu99;
				GCC_NO_COMMON_BLOCKS = YES;
				GCC_WARN_64_TO_32_BIT_CONVERSION = YES;
				GCC_WARN_ABOUT_RETURN_TYPE = YES_ERROR;
				GCC_WARN_UNDECLARED_SELECTOR = YES;
				GCC_WARN_UNINITIALIZED_AUTOS = YES_AGGRESSIVE;
				GCC_WARN_UNUSED_FUNCTION = YES;
				GCC_WARN_UNUSED_VARIABLE = YES;
				IPHONEOS_DEPLOYMENT_TARGET = 10.3;
				MTL_ENABLE_DEBUG_INFO = NO;
				SDKROOT = iphoneos;
				SWIFT_OPTIMIZATION_LEVEL = "-Owholemodule";
				VALIDATE_PRODUCT = YES;
			};
			name = Release;
		};
		D1BC95BD1EC27DBE00ADA554 /* Debug */ = {
			isa = XCBuildConfiguration;
			buildSettings = {
				ASSETCATALOG_COMPILER_APPICON_NAME = AppIcon;
				INFOPLIST_FILE = smiley/Info.plist;
				LD_RUNPATH_SEARCH_PATHS = "$(inherited) @executable_path/Frameworks";
				PRODUCT_BUNDLE_IDENTIFIER = com.poojachow.smiley;
				PRODUCT_NAME = "$(TARGET_NAME)";
				SWIFT_VERSION = 3.0;
			};
			name = Debug;
		};
		D1BC95BE1EC27DBE00ADA554 /* Release */ = {
			isa = XCBuildConfiguration;
			buildSettings = {
				ASSETCATALOG_COMPILER_APPICON_NAME = AppIcon;
				INFOPLIST_FILE = smiley/Info.plist;
				LD_RUNPATH_SEARCH_PATHS = "$(inherited) @executable_path/Frameworks";
				PRODUCT_BUNDLE_IDENTIFIER = com.poojachow.smiley;
				PRODUCT_NAME = "$(TARGET_NAME)";
				SWIFT_VERSION = 3.0;
			};
			name = Release;
		};
/* End XCBuildConfiguration section */

/* Begin XCConfigurationList section */
		D1BC95A51EC27DBE00ADA554 /* Build configuration list for PBXProject "smiley" */ = {
			isa = XCConfigurationList;
			buildConfigurations = (
				D1BC95BA1EC27DBE00ADA554 /* Debug */,
				D1BC95BB1EC27DBE00ADA554 /* Release */,
			);
			defaultConfigurationIsVisible = 0;
			defaultConfigurationName = Release;
		};
		D1BC95BC1EC27DBE00ADA554 /* Build configuration list for PBXNativeTarget "smiley" */ = {
			isa = XCConfigurationList;
			buildConfigurations = (
				D1BC95BD1EC27DBE00ADA554 /* Debug */,
				D1BC95BE1EC27DBE00ADA554 /* Release */,
			);
			defaultConfigurationIsVisible = 0;
		};
/* End XCConfigurationList section */
	};
	rootObject = D1BC95A21EC27DBE00ADA554 /* Project object */;
}
